Microsoft Visual Studio Solution File, Format Version 11.00
# Visual Studio 2008

Project("{4A8B25BA-E26E-DCD3-E55E-2065643AF45C}") = "Ders8YeniUzayOyunu", "Assembly-CSharp-vs.csproj", "{D7863E15-A389-F667-A659-D9D3D0D584DF}"
EndProject
Global
	GlobalSection(SolutionConfigurationPlatforms) = preSolution
		Debug|Any CPU = Debug|Any CPU
		Release|Any CPU = Release|Any CPU
	EndGlobalSection
	GlobalSection(ProjectConfigurationPlatforms) = postSolution
		{D7863E15-A389-F667-A659-D9D3D0D584DF}.Debug|Any CPU.ActiveCfg = Debug|Any CPU
		{D7863E15-A389-F667-A659-D9D3D0D584DF}.Debug|Any CPU.Build.0 = Debug|Any CPU
		{D7863E15-A389-F667-A659-D9D3D0D584DF}.Release|Any CPU.ActiveCfg = Release|Any CPU
		{D7863E15-A389-F667-A659-D9D3D0D584DF}.Release|Any CPU.Build.0 = Release|Any CPU
	EndGlobalSection
	GlobalSection(SolutionProperties) = preSolution
		HideSolutionNode = FALSE
	EndGlobalSection
									GlobalSection(MonoDevelopProperties) = preSolution
		StartupItem = Assembly-CSharp.csproj
		Policies = $0
		$0.TextStylePolicy = $1
		$1.inheritsSet = null
		$1.scope = text/x-csharp
		$0.CSharpFormattingPolicy = $2
		$2.inheritsSet = Mono
		$2.inheritsScope = text/x-csharp
		$2.scope = text/x-csharp
		$0.TextStylePolicy = $3
		$3.FileWidth = 120
		$3.TabWidth = 4
		$3.IndentWidth = 4
		$3.EolMarker = Unix
		$3.inheritsSet = Mono
		$3.inheritsScope = text/plain
		$3.scope = text/plain
	EndGlobalSection

EndGlobal
